
Microsoft Visual Studio Solution File, Format Version 11.00
# Visual Studio 2010
Project("{FAE04EC0-301F-11D3-BF4B-00C04F79EFBC}") = "TrafficWebService", "TrafficWebService\TrafficWebService.csproj", "{45563BF4-1347-4911-9F5C-69C0576AF280}"
EndProject
Global
	GlobalSection(SolutionConfigurationPlatforms) = preSolution
		Debug|Any CPU = Debug|Any CPU
		Release|Any CPU = Release|Any CPU
	EndGlobalSection
	GlobalSection(ProjectConfigurationPlatforms) = postSolution
		{45563BF4-1347-4911-9F5C-69C0576AF280}.Debug|Any CPU.ActiveCfg = Debug|Any CPU
		{45563BF4-1347-4911-9F5C-69C0576AF280}.Debug|Any CPU.Build.0 = Debug|Any CPU
		{45563BF4-1347-4911-9F5C-69C0576AF280}.Release|Any CPU.ActiveCfg = Release|Any CPU
		{45563BF4-1347-4911-9F5C-69C0576AF280}.Release|Any CPU.Build.0 = Release|Any CPU
	EndGlobalSection
	GlobalSection(SolutionProperties) = preSolution
		HideSolutionNode = FALSE
	EndGlobalSection
EndGlobal
